// !$*UTF8*$!
{
	archiveVersion = 1;
	classes = {
	};
	objectVersion = 52;
	objects = {

/* Begin PBXBuildFile section */
		18BFD43125446C33008AF4F6 /* PokemonApp.swift in Sources */ = {isa = PBXBuildFile; fileRef = 18BFD43025446C33008AF4F6 /* PokemonApp.swift */; };
		18BFD43325446C33008AF4F6 /* ContentView.swift in Sources */ = {isa = PBXBuildFile; fileRef = 18BFD43225446C33008AF4F6 /* ContentView.swift */; };
		18BFD43525446C38008AF4F6 /* Assets.xcassets in Resources */ = {isa = PBXBuildFile; fileRef = 18BFD43425446C38008AF4F6 /* Assets.xcassets */; };
		18BFD43825446C38008AF4F6 /* Preview Assets.xcassets in Resources */ = {isa = PBXBuildFile; fileRef = 18BFD43725446C38008AF4F6 /* Preview Assets.xcassets */; };
		18BFD44325446C38008AF4F6 /* PokemonTests.swift in Sources */ = {isa = PBXBuildFile; fileRef = 18BFD44225446C38008AF4F6 /* PokemonTests.swift */; };
		18BFD44E25446C38008AF4F6 /* PokemonUITests.swift in Sources */ = {isa = PBXBuildFile; fileRef = 18BFD44D25446C38008AF4F6 /* PokemonUITests.swift */; };
		18BFD46025446ED3008AF4F6 /* Constant.swift in Sources */ = {isa = PBXBuildFile; fileRef = 18BFD45F25446ED3008AF4F6 /* Constant.swift */; };
		18BFD46925446F07008AF4F6 /* RandomAccessCollectionExtension.swift in Sources */ = {isa = PBXBuildFile; fileRef = 18BFD46825446F07008AF4F6 /* RandomAccessCollectionExtension.swift */; };
		18BFD47125446F17008AF4F6 /* StringExtension.swift in Sources */ = {isa = PBXBuildFile; fileRef = 18BFD47025446F17008AF4F6 /* StringExtension.swift */; };
		18BFD4D825447547008AF4F6 /* ColorExtension.swift in Sources */ = {isa = PBXBuildFile; fileRef = 18BFD4D725447546008AF4F6 /* ColorExtension.swift */; };
		18BFD4DD25447561008AF4F6 /* FontConfig.swift in Sources */ = {isa = PBXBuildFile; fileRef = 18BFD4DC25447561008AF4F6 /* FontConfig.swift */; };
		18BFD4E2254475D1008AF4F6 /* DeviceExtension.swift in Sources */ = {isa = PBXBuildFile; fileRef = 18BFD4E1254475D1008AF4F6 /* DeviceExtension.swift */; };
		18BFD4E7254475EF008AF4F6 /* ErrorUtility.swift in Sources */ = {isa = PBXBuildFile; fileRef = 18BFD4E6254475EF008AF4F6 /* ErrorUtility.swift */; };
		18BFD4F32544761D008AF4F6 /* Threading.swift in Sources */ = {isa = PBXBuildFile; fileRef = 18BFD4F22544761D008AF4F6 /* Threading.swift */; };
		18BFD4FC25447667008AF4F6 /* PokemonListView.swift in Sources */ = {isa = PBXBuildFile; fileRef = 18BFD4FB25447667008AF4F6 /* PokemonListView.swift */; };
		18BFD50425447680008AF4F6 /* PokemonListViewModel.swift in Sources */ = {isa = PBXBuildFile; fileRef = 18BFD50325447680008AF4F6 /* PokemonListViewModel.swift */; };
		18BFD510254476AC008AF4F6 /* SectionSpacerView.swift in Sources */ = {isa = PBXBuildFile; fileRef = 18BFD50F254476AC008AF4F6 /* SectionSpacerView.swift */; };
		18BFD515254476D2008AF4F6 /* LoadingView.swift in Sources */ = {isa = PBXBuildFile; fileRef = 18BFD514254476D2008AF4F6 /* LoadingView.swift */; };
		18BFD51A25447708008AF4F6 /* PokemonModel.swift in Sources */ = {isa = PBXBuildFile; fileRef = 18BFD51925447708008AF4F6 /* PokemonModel.swift */; };
		18BFD52625447E4E008AF4F6 /* PokemonPageModel.swift in Sources */ = {isa = PBXBuildFile; fileRef = 18BFD52525447E4E008AF4F6 /* PokemonPageModel.swift */; };
		18BFD52B25447F69008AF4F6 /* PokemonResDTO.swift in Sources */ = {isa = PBXBuildFile; fileRef = 18BFD52A25447F69008AF4F6 /* PokemonResDTO.swift */; };
		18BFD53725447F99008AF4F6 /* ResultResDTO.swift in Sources */ = {isa = PBXBuildFile; fileRef = 18BFD53625447F99008AF4F6 /* ResultResDTO.swift */; };
		18BFD53F254481C6008AF4F6 /* PokemonPageResDTO.swift in Sources */ = {isa = PBXBuildFile; fileRef = 18BFD53E254481C6008AF4F6 /* PokemonPageResDTO.swift */; };
		18BFD54425448306008AF4F6 /* ManagerWS.swift in Sources */ = {isa = PBXBuildFile; fileRef = 18BFD54325448306008AF4F6 /* ManagerWS.swift */; };
		18BFD55525448350008AF4F6 /* CryptLib.m in Sources */ = {isa = PBXBuildFile; fileRef = 18BFD5532544834F008AF4F6 /* CryptLib.m */; };
		18BFD55A25448394008AF4F6 /* ErrorDTO.swift in Sources */ = {isa = PBXBuildFile; fileRef = 18BFD55925448394008AF4F6 /* ErrorDTO.swift */; };
		18BFD55F2544845D008AF4F6 /* PokemonListRepository.swift in Sources */ = {isa = PBXBuildFile; fileRef = 18BFD55E2544845D008AF4F6 /* PokemonListRepository.swift */; };
		18BFD5642544864E008AF4F6 /* PokemonListWS.swift in Sources */ = {isa = PBXBuildFile; fileRef = 18BFD5632544864E008AF4F6 /* PokemonListWS.swift */; };
		18BFD56925448713008AF4F6 /* ResDTO.swift in Sources */ = {isa = PBXBuildFile; fileRef = 18BFD56825448713008AF4F6 /* ResDTO.swift */; };
		18BFD56E25448767008AF4F6 /* PokemonEntity.swift in Sources */ = {isa = PBXBuildFile; fileRef = 18BFD56D25448767008AF4F6 /* PokemonEntity.swift */; };
		18BFD578254487DD008AF4F6 /* PokemonDB.swift in Sources */ = {isa = PBXBuildFile; fileRef = 18BFD577254487DD008AF4F6 /* PokemonDB.swift */; };
		18BFD5BE25448C20008AF4F6 /* ListPageView.swift in Sources */ = {isa = PBXBuildFile; fileRef = 18BFD5BD25448C20008AF4F6 /* ListPageView.swift */; };
		18BFD6862544DB11008AF4F6 /* FontsModifiers.swift in Sources */ = {isa = PBXBuildFile; fileRef = 18BFD6852544DB11008AF4F6 /* FontsModifiers.swift */; };
		18BFD68F2544DD35008AF4F6 /* FontUtility.swift in Sources */ = {isa = PBXBuildFile; fileRef = 18BFD68E2544DD34008AF4F6 /* FontUtility.swift */; };
		18BFD6C72544E486008AF4F6 /* CornerRadiusStyle.swift in Sources */ = {isa = PBXBuildFile; fileRef = 18BFD6C62544E486008AF4F6 /* CornerRadiusStyle.swift */; };
		18BFD6CC2544E50D008AF4F6 /* Buttons.swift in Sources */ = {isa = PBXBuildFile; fileRef = 18BFD6CB2544E50D008AF4F6 /* Buttons.swift */; };
		18BFD6DD2544EFA3008AF4F6 /* NavigationBarModifier.swift in Sources */ = {isa = PBXBuildFile; fileRef = 18BFD6DC2544EFA3008AF4F6 /* NavigationBarModifier.swift */; };
		18BFD6E22544FADA008AF4F6 /* MenuView.swift in Sources */ = {isa = PBXBuildFile; fileRef = 18BFD6E12544FADA008AF4F6 /* MenuView.swift */; };
		18BFD75025451151008AF4F6 /* SDWebImageSwiftUI in Frameworks */ = {isa = PBXBuildFile; productRef = 18BFD74F25451151008AF4F6 /* SDWebImageSwiftUI */; };
		18BFD7852545132A008AF4F6 /* MenuViewModel.swift in Sources */ = {isa = PBXBuildFile; fileRef = 18BFD7842545132A008AF4F6 /* MenuViewModel.swift */; };
		18BFD78E254513D5008AF4F6 /* MenuCellView.swift in Sources */ = {isa = PBXBuildFile; fileRef = 18BFD78D254513D5008AF4F6 /* MenuCellView.swift */; };
		18BFD793254514CA008AF4F6 /* MenuItemModel.swift in Sources */ = {isa = PBXBuildFile; fileRef = 18BFD792254514CA008AF4F6 /* MenuItemModel.swift */; };
		18BFD7A0254534DC008AF4F6 /* GenerationsView.swift in Sources */ = {isa = PBXBuildFile; fileRef = 18BFD79F254534DC008AF4F6 /* GenerationsView.swift */; };
		18BFD7DC25453D92008AF4F6 /* GenerationsViewModel.swift in Sources */ = {isa = PBXBuildFile; fileRef = 18BFD7DB25453D92008AF4F6 /* GenerationsViewModel.swift */; };
		18BFD7E725453F55008AF4F6 /* GenerationRepository.swift in Sources */ = {isa = PBXBuildFile; fileRef = 18BFD7E625453F55008AF4F6 /* GenerationRepository.swift */; };
		18BFD7EC25453F8A008AF4F6 /* GenerationWS.swift in Sources */ = {isa = PBXBuildFile; fileRef = 18BFD7EB25453F8A008AF4F6 /* GenerationWS.swift */; };
		18BFD7F12545413D008AF4F6 /* GenerationResDTO.swift in Sources */ = {isa = PBXBuildFile; fileRef = 18BFD7F02545413D008AF4F6 /* GenerationResDTO.swift */; };
		18BFD7F6254541AA008AF4F6 /* GenerationModel.swift in Sources */ = {isa = PBXBuildFile; fileRef = 18BFD7F5254541AA008AF4F6 /* GenerationModel.swift */; };
		18BFD82B2545BF1A008AF4F6 /* PokemonDetailModel.swift in Sources */ = {isa = PBXBuildFile; fileRef = 18BFD82A2545BF19008AF4F6 /* PokemonDetailModel.swift */; };
		18BFD85D2545C1EE008AF4F6 /* PokemonDetailResDTO.swift in Sources */ = {isa = PBXBuildFile; fileRef = 18BFD85C2545C1EE008AF4F6 /* PokemonDetailResDTO.swift */; };
		18BFD8922545C9A1008AF4F6 /* PokemonDetailWS.swift in Sources */ = {isa = PBXBuildFile; fileRef = 18BFD8912545C9A1008AF4F6 /* PokemonDetailWS.swift */; };
		18BFD8972545CAFD008AF4F6 /* PokemonDetailRepository.swift in Sources */ = {isa = PBXBuildFile; fileRef = 18BFD8962545CAFD008AF4F6 /* PokemonDetailRepository.swift */; };
		18BFD8A62545CEA2008AF4F6 /* PokemonDetailView.swift in Sources */ = {isa = PBXBuildFile; fileRef = 18BFD8A52545CEA2008AF4F6 /* PokemonDetailView.swift */; };
		18BFD8AB2545CEB7008AF4F6 /* PokemonDetailViewModel.swift in Sources */ = {isa = PBXBuildFile; fileRef = 18BFD8AA2545CEB7008AF4F6 /* PokemonDetailViewModel.swift */; };
		18BFD8F52545FF6B008AF4F6 /* Roboto-Italic.ttf in Resources */ = {isa = PBXBuildFile; fileRef = 18BFD8EF2545FF69008AF4F6 /* Roboto-Italic.ttf */; };
		18BFD8F62545FF6B008AF4F6 /* Roboto-Light.ttf in Resources */ = {isa = PBXBuildFile; fileRef = 18BFD8F02545FF69008AF4F6 /* Roboto-Light.ttf */; };
		18BFD8F72545FF6B008AF4F6 /* Roboto-BoldItalic.ttf in Resources */ = {isa = PBXBuildFile; fileRef = 18BFD8F12545FF6A008AF4F6 /* Roboto-BoldItalic.ttf */; };
		18BFD8F82545FF6B008AF4F6 /* Roboto-Bold.ttf in Resources */ = {isa = PBXBuildFile; fileRef = 18BFD8F22545FF6A008AF4F6 /* Roboto-Bold.ttf */; };
		18BFD8F92545FF6B008AF4F6 /* Roboto-Medium.ttf in Resources */ = {isa = PBXBuildFile; fileRef = 18BFD8F32545FF6A008AF4F6 /* Roboto-Medium.ttf */; };
		18BFD8FA2545FF6B008AF4F6 /* Roboto-Regular.ttf in Resources */ = {isa = PBXBuildFile; fileRef = 18BFD8F42545FF6B008AF4F6 /* Roboto-Regular.ttf */; };
		18BFD904254601AC008AF4F6 /* MovesModel.swift in Sources */ = {isa = PBXBuildFile; fileRef = 18BFD903254601AC008AF4F6 /* MovesModel.swift */; };
		18BFD9092546020F008AF4F6 /* MovesResDTO.swift in Sources */ = {isa = PBXBuildFile; fileRef = 18BFD9082546020F008AF4F6 /* MovesResDTO.swift */; };
		18BFD96625461704008AF4F6 /* SpriteView.swift in Sources */ = {isa = PBXBuildFile; fileRef = 18BFD96525461704008AF4F6 /* SpriteView.swift */; };
		18BFD96E2546202E008AF4F6 /* RealmExtension.swift in Sources */ = {isa = PBXBuildFile; fileRef = 18BFD96D2546202E008AF4F6 /* RealmExtension.swift */; };
		4DF2ECC7B51973DD4B82BB7F /* Pods_PokemonUITests.framework in Frameworks */ = {isa = PBXBuildFile; fileRef = F9BFA6BEE5E9D572A3B0D34B /* Pods_PokemonUITests.framework */; };
		58C195F12C74CF69FC6E637A /* Pods_Pokemon.framework in Frameworks */ = {isa = PBXBuildFile; fileRef = 6288F860BFC64E902D286CCC /* Pods_Pokemon.framework */; };
		F8FCFB4496BF52E8665A1948 /* Pods_PokemonTests.framework in Frameworks */ = {isa = PBXBuildFile; fileRef = 05B94DB2885C99AD923205A3 /* Pods_PokemonTests.framework */; };
/* End PBXBuildFile section */

/* Begin PBXContainerItemProxy section */
		18BFD43F25446C38008AF4F6 /* PBXContainerItemProxy */ = {
			isa = PBXContainerItemProxy;
			containerPortal = 18BFD42525446C32008AF4F6 /* Project object */;
			proxyType = 1;
			remoteGlobalIDString = 18BFD42C25446C33008AF4F6;
			remoteInfo = Pokemon;
		};
		18BFD44A25446C38008AF4F6 /* PBXContainerItemProxy */ = {
			isa = PBXContainerItemProxy;
			containerPortal = 18BFD42525446C32008AF4F6 /* Project object */;
			proxyType = 1;
			remoteGlobalIDString = 18BFD42C25446C33008AF4F6;
			remoteInfo = Pokemon;
		};
/* End PBXContainerItemProxy section */

/* Begin PBXFileReference section */
		05B94DB2885C99AD923205A3 /* Pods_PokemonTests.framework */ = {isa = PBXFileReference; explicitFileType = wrapper.framework; includeInIndex = 0; path = Pods_PokemonTests.framework; sourceTree = BUILT_PRODUCTS_DIR; };
		082DC3A021E8BE811053302C /* Pods-PokemonUITests.debug.xcconfig */ = {isa = PBXFileReference; includeInIndex = 1; lastKnownFileType = text.xcconfig; name = "Pods-PokemonUITests.debug.xcconfig"; path = "Target Support Files/Pods-PokemonUITests/Pods-PokemonUITests.debug.xcconfig"; sourceTree = "<group>"; };
		18BFD42D25446C33008AF4F6 /* Pokemon.app */ = {isa = PBXFileReference; explicitFileType = wrapper.application; includeInIndex = 0; path = Pokemon.app; sourceTree = BUILT_PRODUCTS_DIR; };
		18BFD43025446C33008AF4F6 /* PokemonApp.swift */ = {isa = PBXFileReference; lastKnownFileType = sourcecode.swift; path = PokemonApp.swift; sourceTree = "<group>"; };
		18BFD43225446C33008AF4F6 /* ContentView.swift */ = {isa = PBXFileReference; lastKnownFileType = sourcecode.swift; path = ContentView.swift; sourceTree = "<group>"; };
		18BFD43425446C38008AF4F6 /* Assets.xcassets */ = {isa = PBXFileReference; lastKnownFileType = folder.assetcatalog; path = Assets.xcassets; sourceTree = "<group>"; };
		18BFD43725446C38008AF4F6 /* Preview Assets.xcassets */ = {isa = PBXFileReference; lastKnownFileType = folder.assetcatalog; path = "Preview Assets.xcassets"; sourceTree = "<group>"; };
		18BFD43925446C38008AF4F6 /* Info.plist */ = {isa = PBXFileReference; lastKnownFileType = text.plist.xml; path = Info.plist; sourceTree = "<group>"; };
		18BFD43E25446C38008AF4F6 /* PokemonTests.xctest */ = {isa = PBXFileReference; explicitFileType = wrapper.cfbundle; includeInIndex = 0; path = PokemonTests.xctest; sourceTree = BUILT_PRODUCTS_DIR; };
		18BFD44225446C38008AF4F6 /* PokemonTests.swift */ = {isa = PBXFileReference; lastKnownFileType = sourcecode.swift; path = PokemonTests.swift; sourceTree = "<group>"; };
		18BFD44425446C38008AF4F6 /* Info.plist */ = {isa = PBXFileReference; lastKnownFileType = text.plist.xml; path = Info.plist; sourceTree = "<group>"; };
		18BFD44925446C38008AF4F6 /* PokemonUITests.xctest */ = {isa = PBXFileReference; explicitFileType = wrapper.cfbundle; includeInIndex = 0; path = PokemonUITests.xctest; sourceTree = BUILT_PRODUCTS_DIR; };
		18BFD44D25446C38008AF4F6 /* PokemonUITests.swift */ = {isa = PBXFileReference; lastKnownFileType = sourcecode.swift; path = PokemonUITests.swift; sourceTree = "<group>"; };
		18BFD44F25446C38008AF4F6 /* Info.plist */ = {isa = PBXFileReference; lastKnownFileType = text.plist.xml; path = Info.plist; sourceTree = "<group>"; };
		18BFD45F25446ED3008AF4F6 /* Constant.swift */ = {isa = PBXFileReference; lastKnownFileType = sourcecode.swift; path = Constant.swift; sourceTree = "<group>"; };
		18BFD46825446F07008AF4F6 /* RandomAccessCollectionExtension.swift */ = {isa = PBXFileReference; lastKnownFileType = sourcecode.swift; path = RandomAccessCollectionExtension.swift; sourceTree = "<group>"; };
		18BFD47025446F17008AF4F6 /* StringExtension.swift */ = {isa = PBXFileReference; lastKnownFileType = sourcecode.swift; path = StringExtension.swift; sourceTree = "<group>"; };
		18BFD4D725447546008AF4F6 /* ColorExtension.swift */ = {isa = PBXFileReference; lastKnownFileType = sourcecode.swift; path = ColorExtension.swift; sourceTree = "<group>"; };
		18BFD4DC25447561008AF4F6 /* FontConfig.swift */ = {isa = PBXFileReference; lastKnownFileType = sourcecode.swift; path = FontConfig.swift; sourceTree = "<group>"; };
		18BFD4E1254475D1008AF4F6 /* DeviceExtension.swift */ = {isa = PBXFileReference; lastKnownFileType = sourcecode.swift; path = DeviceExtension.swift; sourceTree = "<group>"; };
		18BFD4E6254475EF008AF4F6 /* ErrorUtility.swift */ = {isa = PBXFileReference; lastKnownFileType = sourcecode.swift; path = ErrorUtility.swift; sourceTree = "<group>"; };
		18BFD4F22544761D008AF4F6 /* Threading.swift */ = {isa = PBXFileReference; lastKnownFileType = sourcecode.swift; path = Threading.swift; sourceTree = "<group>"; };
		18BFD4FB25447667008AF4F6 /* PokemonListView.swift */ = {isa = PBXFileReference; lastKnownFileType = sourcecode.swift; path = PokemonListView.swift; sourceTree = "<group>"; };
		18BFD50325447680008AF4F6 /* PokemonListViewModel.swift */ = {isa = PBXFileReference; lastKnownFileType = sourcecode.swift; path = PokemonListViewModel.swift; sourceTree = "<group>"; };
		18BFD50F254476AC008AF4F6 /* SectionSpacerView.swift */ = {isa = PBXFileReference; lastKnownFileType = sourcecode.swift; path = SectionSpacerView.swift; sourceTree = "<group>"; };
		18BFD514254476D2008AF4F6 /* LoadingView.swift */ = {isa = PBXFileReference; lastKnownFileType = sourcecode.swift; path = LoadingView.swift; sourceTree = "<group>"; };
		18BFD51925447708008AF4F6 /* PokemonModel.swift */ = {isa = PBXFileReference; lastKnownFileType = sourcecode.swift; path = PokemonModel.swift; sourceTree = "<group>"; };
		18BFD52525447E4E008AF4F6 /* PokemonPageModel.swift */ = {isa = PBXFileReference; lastKnownFileType = sourcecode.swift; path = PokemonPageModel.swift; sourceTree = "<group>"; };
		18BFD52A25447F69008AF4F6 /* PokemonResDTO.swift */ = {isa = PBXFileReference; lastKnownFileType = sourcecode.swift; path = PokemonResDTO.swift; sourceTree = "<group>"; };
		18BFD53625447F99008AF4F6 /* ResultResDTO.swift */ = {isa = PBXFileReference; lastKnownFileType = sourcecode.swift; path = ResultResDTO.swift; sourceTree = "<group>"; };
		18BFD53E254481C6008AF4F6 /* PokemonPageResDTO.swift */ = {isa = PBXFileReference; lastKnownFileType = sourcecode.swift; path = PokemonPageResDTO.swift; sourceTree = "<group>"; };
		18BFD54325448306008AF4F6 /* ManagerWS.swift */ = {isa = PBXFileReference; lastKnownFileType = sourcecode.swift; path = ManagerWS.swift; sourceTree = "<group>"; };
		18BFD54F2544834E008AF4F6 /* Pokemon-Bridging-Header.h */ = {isa = PBXFileReference; lastKnownFileType = sourcecode.c.h; path = "Pokemon-Bridging-Header.h"; sourceTree = "<group>"; };
		18BFD5532544834F008AF4F6 /* CryptLib.m */ = {isa = PBXFileReference; fileEncoding = 4; lastKnownFileType = sourcecode.c.objc; path = CryptLib.m; sourceTree = "<group>"; };
		18BFD55425448350008AF4F6 /* CryptLib.h */ = {isa = PBXFileReference; fileEncoding = 4; lastKnownFileType = sourcecode.c.h; path = CryptLib.h; sourceTree = "<group>"; };
		18BFD55925448394008AF4F6 /* ErrorDTO.swift */ = {isa = PBXFileReference; lastKnownFileType = sourcecode.swift; path = ErrorDTO.swift; sourceTree = "<group>"; };
		18BFD55E2544845D008AF4F6 /* PokemonListRepository.swift */ = {isa = PBXFileReference; lastKnownFileType = sourcecode.swift; path = PokemonListRepository.swift; sourceTree = "<group>"; };
		18BFD5632544864E008AF4F6 /* PokemonListWS.swift */ = {isa = PBXFileReference; lastKnownFileType = sourcecode.swift; path = PokemonListWS.swift; sourceTree = "<group>"; };
		18BFD56825448713008AF4F6 /* ResDTO.swift */ = {isa = PBXFileReference; lastKnownFileType = sourcecode.swift; path = ResDTO.swift; sourceTree = "<group>"; };
		18BFD56D25448767008AF4F6 /* PokemonEntity.swift */ = {isa = PBXFileReference; lastKnownFileType = sourcecode.swift; path = PokemonEntity.swift; sourceTree = "<group>"; };
		18BFD577254487DD008AF4F6 /* PokemonDB.swift */ = {isa = PBXFileReference; lastKnownFileType = sourcecode.swift; path = PokemonDB.swift; sourceTree = "<group>"; };
		18BFD5BD25448C20008AF4F6 /* ListPageView.swift */ = {isa = PBXFileReference; lastKnownFileType = sourcecode.swift; path = ListPageView.swift; sourceTree = "<group>"; };
		18BFD6852544DB11008AF4F6 /* FontsModifiers.swift */ = {isa = PBXFileReference; lastKnownFileType = sourcecode.swift; path = FontsModifiers.swift; sourceTree = "<group>"; };
		18BFD68E2544DD34008AF4F6 /* FontUtility.swift */ = {isa = PBXFileReference; lastKnownFileType = sourcecode.swift; path = FontUtility.swift; sourceTree = "<group>"; };
		18BFD6C62544E486008AF4F6 /* CornerRadiusStyle.swift */ = {isa = PBXFileReference; lastKnownFileType = sourcecode.swift; path = CornerRadiusStyle.swift; sourceTree = "<group>"; };
		18BFD6CB2544E50D008AF4F6 /* Buttons.swift */ = {isa = PBXFileReference; lastKnownFileType = sourcecode.swift; path = Buttons.swift; sourceTree = "<group>"; };
		18BFD6DC2544EFA3008AF4F6 /* NavigationBarModifier.swift */ = {isa = PBXFileReference; lastKnownFileType = sourcecode.swift; path = NavigationBarModifier.swift; sourceTree = "<group>"; };
		18BFD6E12544FADA008AF4F6 /* MenuView.swift */ = {isa = PBXFileReference; lastKnownFileType = sourcecode.swift; path = MenuView.swift; sourceTree = "<group>"; };
		18BFD7842545132A008AF4F6 /* MenuViewModel.swift */ = {isa = PBXFileReference; lastKnownFileType = sourcecode.swift; path = MenuViewModel.swift; sourceTree = "<group>"; };
		18BFD78D254513D5008AF4F6 /* MenuCellView.swift */ = {isa = PBXFileReference; lastKnownFileType = sourcecode.swift; path = MenuCellView.swift; sourceTree = "<group>"; };
		18BFD792254514CA008AF4F6 /* MenuItemModel.swift */ = {isa = PBXFileReference; lastKnownFileType = sourcecode.swift; path = MenuItemModel.swift; sourceTree = "<group>"; };
		18BFD79F254534DC008AF4F6 /* GenerationsView.swift */ = {isa = PBXFileReference; lastKnownFileType = sourcecode.swift; path = GenerationsView.swift; sourceTree = "<group>"; };
		18BFD7DB25453D92008AF4F6 /* GenerationsViewModel.swift */ = {isa = PBXFileReference; lastKnownFileType = sourcecode.swift; path = GenerationsViewModel.swift; sourceTree = "<group>"; };
		18BFD7E625453F55008AF4F6 /* GenerationRepository.swift */ = {isa = PBXFileReference; lastKnownFileType = sourcecode.swift; path = GenerationRepository.swift; sourceTree = "<group>"; };
		18BFD7EB25453F8A008AF4F6 /* GenerationWS.swift */ = {isa = PBXFileReference; lastKnownFileType = sourcecode.swift; path = GenerationWS.swift; sourceTree = "<group>"; };
		18BFD7F02545413D008AF4F6 /* GenerationResDTO.swift */ = {isa = PBXFileReference; lastKnownFileType = sourcecode.swift; path = GenerationResDTO.swift; sourceTree = "<group>"; };
		18BFD7F5254541AA008AF4F6 /* GenerationModel.swift */ = {isa = PBXFileReference; lastKnownFileType = sourcecode.swift; path = GenerationModel.swift; sourceTree = "<group>"; };
		18BFD82A2545BF19008AF4F6 /* PokemonDetailModel.swift */ = {isa = PBXFileReference; lastKnownFileType = sourcecode.swift; path = PokemonDetailModel.swift; sourceTree = "<group>"; };
		18BFD85C2545C1EE008AF4F6 /* PokemonDetailResDTO.swift */ = {isa = PBXFileReference; lastKnownFileType = sourcecode.swift; path = PokemonDetailResDTO.swift; sourceTree = "<group>"; };
		18BFD8912545C9A1008AF4F6 /* PokemonDetailWS.swift */ = {isa = PBXFileReference; lastKnownFileType = sourcecode.swift; path = PokemonDetailWS.swift; sourceTree = "<group>"; };
		18BFD8962545CAFD008AF4F6 /* PokemonDetailRepository.swift */ = {isa = PBXFileReference; lastKnownFileType = sourcecode.swift; path = PokemonDetailRepository.swift; sourceTree = "<group>"; };
		18BFD8A52545CEA2008AF4F6 /* PokemonDetailView.swift */ = {isa = PBXFileReference; lastKnownFileType = sourcecode.swift; path = PokemonDetailView.swift; sourceTree = "<group>"; };
		18BFD8AA2545CEB7008AF4F6 /* PokemonDetailViewModel.swift */ = {isa = PBXFileReference; lastKnownFileType = sourcecode.swift; path = PokemonDetailViewModel.swift; sourceTree = "<group>"; };
		18BFD8EF2545FF69008AF4F6 /* Roboto-Italic.ttf */ = {isa = PBXFileReference; lastKnownFileType = file; path = "Roboto-Italic.ttf"; sourceTree = "<group>"; };
		18BFD8F02545FF69008AF4F6 /* Roboto-Light.ttf */ = {isa = PBXFileReference; lastKnownFileType = file; path = "Roboto-Light.ttf"; sourceTree = "<group>"; };
		18BFD8F12545FF6A008AF4F6 /* Roboto-BoldItalic.ttf */ = {isa = PBXFileReference; lastKnownFileType = file; path = "Roboto-BoldItalic.ttf"; sourceTree = "<group>"; };
		18BFD8F22545FF6A008AF4F6 /* Roboto-Bold.ttf */ = {isa = PBXFileReference; lastKnownFileType = file; path = "Roboto-Bold.ttf"; sourceTree = "<group>"; };
		18BFD8F32545FF6A008AF4F6 /* Roboto-Medium.ttf */ = {isa = PBXFileReference; lastKnownFileType = file; path = "Roboto-Medium.ttf"; sourceTree = "<group>"; };
		18BFD8F42545FF6B008AF4F6 /* Roboto-Regular.ttf */ = {isa = PBXFileReference; lastKnownFileType = file; path = "Roboto-Regular.ttf"; sourceTree = "<group>"; };
		18BFD903254601AC008AF4F6 /* MovesModel.swift */ = {isa = PBXFileReference; lastKnownFileType = sourcecode.swift; path = MovesModel.swift; sourceTree = "<group>"; };
		18BFD9082546020F008AF4F6 /* MovesResDTO.swift */ = {isa = PBXFileReference; lastKnownFileType = sourcecode.swift; path = MovesResDTO.swift; sourceTree = "<group>"; };
		18BFD96525461704008AF4F6 /* SpriteView.swift */ = {isa = PBXFileReference; lastKnownFileType = sourcecode.swift; path = SpriteView.swift; sourceTree = "<group>"; };
		18BFD96D2546202E008AF4F6 /* RealmExtension.swift */ = {isa = PBXFileReference; lastKnownFileType = sourcecode.swift; path = RealmExtension.swift; sourceTree = "<group>"; };
		1A323C42FD124ED57E3E6619 /* Pods-PokemonTests.debug.xcconfig */ = {isa = PBXFileReference; includeInIndex = 1; lastKnownFileType = text.xcconfig; name = "Pods-PokemonTests.debug.xcconfig"; path = "Target Support Files/Pods-PokemonTests/Pods-PokemonTests.debug.xcconfig"; sourceTree = "<group>"; };
		28483C6CB3054D8DC2753C25 /* Pods-Pokemon.release.xcconfig */ = {isa = PBXFileReference; includeInIndex = 1; lastKnownFileType = text.xcconfig; name = "Pods-Pokemon.release.xcconfig"; path = "Target Support Files/Pods-Pokemon/Pods-Pokemon.release.xcconfig"; sourceTree = "<group>"; };
		2A62D5171210049158F78677 /* Pods-Pokemon.debug.xcconfig */ = {isa = PBXFileReference; includeInIndex = 1; lastKnownFileType = text.xcconfig; name = "Pods-Pokemon.debug.xcconfig"; path = "Target Support Files/Pods-Pokemon/Pods-Pokemon.debug.xcconfig"; sourceTree = "<group>"; };
		36ECD47C912AF430FA68ADA6 /* Pods-PokemonUITests.release.xcconfig */ = {isa = PBXFileReference; includeInIndex = 1; lastKnownFileType = text.xcconfig; name = "Pods-PokemonUITests.release.xcconfig"; path = "Target Support Files/Pods-PokemonUITests/Pods-PokemonUITests.release.xcconfig"; sourceTree = "<group>"; };
		6288F860BFC64E902D286CCC /* Pods_Pokemon.framework */ = {isa = PBXFileReference; explicitFileType = wrapper.framework; includeInIndex = 0; path = Pods_Pokemon.framework; sourceTree = BUILT_PRODUCTS_DIR; };
		E554480EE4D4E4A193F78850 /* Pods-PokemonTests.release.xcconfig */ = {isa = PBXFileReference; includeInIndex = 1; lastKnownFileType = text.xcconfig; name = "Pods-PokemonTests.release.xcconfig"; path = "Target Support Files/Pods-PokemonTests/Pods-PokemonTests.release.xcconfig"; sourceTree = "<group>"; };
		F9BFA6BEE5E9D572A3B0D34B /* Pods_PokemonUITests.framework */ = {isa = PBXFileReference; explicitFileType = wrapper.framework; includeInIndex = 0; path = Pods_PokemonUITests.framework; sourceTree = BUILT_PRODUCTS_DIR; };
/* End PBXFileReference section */

/* Begin PBXFrameworksBuildPhase section */
		18BFD42A25446C33008AF4F6 /* Frameworks */ = {
			isa = PBXFrameworksBuildPhase;
			buildActionMask = 2147483647;
			files = (
				18BFD75025451151008AF4F6 /* SDWebImageSwiftUI in Frameworks */,
				58C195F12C74CF69FC6E637A /* Pods_Pokemon.framework in Frameworks */,
			);
			runOnlyForDeploymentPostprocessing = 0;
		};
		18BFD43B25446C38008AF4F6 /* Frameworks */ = {
			isa = PBXFrameworksBuildPhase;
			buildActionMask = 2147483647;
			files = (
				F8FCFB4496BF52E8665A1948 /* Pods_PokemonTests.framework in Frameworks */,
			);
			runOnlyForDeploymentPostprocessing = 0;
		};
		18BFD44625446C38008AF4F6 /* Frameworks */ = {
			isa = PBXFrameworksBuildPhase;
			buildActionMask = 2147483647;
			files = (
				4DF2ECC7B51973DD4B82BB7F /* Pods_PokemonUITests.framework in Frameworks */,
			);
			runOnlyForDeploymentPostprocessing = 0;
		};
/* End PBXFrameworksBuildPhase section */

/* Begin PBXGroup section */
		18BFD42425446C32008AF4F6 = {
			isa = PBXGroup;
			children = (
				18BFD42F25446C33008AF4F6 /* Pokemon */,
				18BFD44125446C38008AF4F6 /* PokemonTests */,
				18BFD44C25446C38008AF4F6 /* PokemonUITests */,
				18BFD42E25446C33008AF4F6 /* Products */,
				EA1041AE3B956D6807560957 /* Pods */,
				49C08D177F70F03B076B6DC2 /* Frameworks */,
			);
			sourceTree = "<group>";
		};
		18BFD42E25446C33008AF4F6 /* Products */ = {
			isa = PBXGroup;
			children = (
				18BFD42D25446C33008AF4F6 /* Pokemon.app */,
				18BFD43E25446C38008AF4F6 /* PokemonTests.xctest */,
				18BFD44925446C38008AF4F6 /* PokemonUITests.xctest */,
			);
			name = Products;
			sourceTree = "<group>";
		};
		18BFD42F25446C33008AF4F6 /* Pokemon */ = {
			isa = PBXGroup;
			children = (
				18BFD46725446EF1008AF4F6 /* constant */,
				18BFD47525446F1E008AF4F6 /* extension */,
				18BFD4C6254474C9008AF4F6 /* config */,
				18BFD4EB254475F4008AF4F6 /* utility */,
				18BFD45E25446EBE008AF4F6 /* ui */,
				18BFD51E2544770D008AF4F6 /* model */,
				18BFD57F25448977008AF4F6 /* repository */,
				18BFD5482544830B008AF4F6 /* ws */,
				18BFD5722544877C008AF4F6 /* db */,
				18BFD576254487BE008AF4F6 /* entity */,
				18BFD52F25447F71008AF4F6 /* dto */,
				18BFD8FE2545FF77008AF4F6 /* supporting files */,
				18BFD43425446C38008AF4F6 /* Assets.xcassets */,
				18BFD43925446C38008AF4F6 /* Info.plist */,
				18BFD43025446C33008AF4F6 /* PokemonApp.swift */,
				18BFD43625446C38008AF4F6 /* Preview Content */,
			);
			path = Pokemon;
			sourceTree = "<group>";
		};
		18BFD43625446C38008AF4F6 /* Preview Content */ = {
			isa = PBXGroup;
			children = (
				18BFD43725446C38008AF4F6 /* Preview Assets.xcassets */,
			);
			path = "Preview Content";
			sourceTree = "<group>";
		};
		18BFD44125446C38008AF4F6 /* PokemonTests */ = {
			isa = PBXGroup;
			children = (
				18BFD44225446C38008AF4F6 /* PokemonTests.swift */,
				18BFD44425446C38008AF4F6 /* Info.plist */,
			);
			path = PokemonTests;
			sourceTree = "<group>";
		};
		18BFD44C25446C38008AF4F6 /* PokemonUITests */ = {
			isa = PBXGroup;
			children = (
				18BFD44D25446C38008AF4F6 /* PokemonUITests.swift */,
				18BFD44F25446C38008AF4F6 /* Info.plist */,
			);
			path = PokemonUITests;
			sourceTree = "<group>";
		};
		18BFD45E25446EBE008AF4F6 /* ui */ = {
			isa = PBXGroup;
			children = (
				18BFD6D02544E51A008AF4F6 /* components */,
				18BFD68A2544DB25008AF4F6 /* modifiers */,
				18BFD99B25462804008AF4F6 /* common */,
				18BFD4FA25447642008AF4F6 /* content */,
				18BFD50825447685008AF4F6 /* pokemonlist */,
				18BFD8AF2545CEBC008AF4F6 /* pokemondetail */,
				18BFD78925451341008AF4F6 /* menu */,
				18BFD7A425453526008AF4F6 /* generations */,
			);
			path = ui;
			sourceTree = "<group>";
		};
		18BFD46725446EF1008AF4F6 /* constant */ = {
			isa = PBXGroup;
			children = (
				18BFD45F25446ED3008AF4F6 /* Constant.swift */,
			);
			path = constant;
			sourceTree = "<group>";
		};
		18BFD47525446F1E008AF4F6 /* extension */ = {
			isa = PBXGroup;
			children = (
				18BFD46825446F07008AF4F6 /* RandomAccessCollectionExtension.swift */,
				18BFD98B2546279A008AF4F6 /* device */,
				18BFD9762546251A008AF4F6 /* color */,
				18BFD9802546252C008AF4F6 /* string */,
			);
			path = extension;
			sourceTree = "<group>";
		};
		18BFD4C6254474C9008AF4F6 /* config */ = {
			isa = PBXGroup;
			children = (
				18BFD55425448350008AF4F6 /* CryptLib.h */,
				18BFD5532544834F008AF4F6 /* CryptLib.m */,
				18BFD98A2546277C008AF4F6 /* font */,
				18BFD54F2544834E008AF4F6 /* Pokemon-Bridging-Header.h */,
			);
			path = config;
			sourceTree = "<group>";
		};
		18BFD4EB254475F4008AF4F6 /* utility */ = {
			isa = PBXGroup;
			children = (
				18BFD98C254627B8008AF4F6 /* error */,
				18BFD990254627D4008AF4F6 /* threading */,
				18BFD994254627E0008AF4F6 /* font */,
			);
			path = utility;
			sourceTree = "<group>";
		};
		18BFD4FA25447642008AF4F6 /* content */ = {
			isa = PBXGroup;
			children = (
				18BFD43225446C33008AF4F6 /* ContentView.swift */,
			);
			path = content;
			sourceTree = "<group>";
		};
		18BFD50825447685008AF4F6 /* pokemonlist */ = {
			isa = PBXGroup;
			children = (
				18BFD4FB25447667008AF4F6 /* PokemonListView.swift */,
				18BFD50325447680008AF4F6 /* PokemonListViewModel.swift */,
				18BFD5BD25448C20008AF4F6 /* ListPageView.swift */,
			);
			path = pokemonlist;
			sourceTree = "<group>";
		};
		18BFD51E2544770D008AF4F6 /* model */ = {
			isa = PBXGroup;
			children = (
				18BFD9B02546295E008AF4F6 /* pokemon */,
				18BFD9B425462969008AF4F6 /* moves */,
				18BFD9B825462975008AF4F6 /* pokemonpage */,
				18BFD9BC2546297F008AF4F6 /* menuitem */,
				18BFD9C325462990008AF4F6 /* generation */,
				18BFD9C725462998008AF4F6 /* pokemondetail */,
			);
			path = model;
			sourceTree = "<group>";
		};
		18BFD52F25447F71008AF4F6 /* dto */ = {
			isa = PBXGroup;
			children = (
				18BFDA2025462AF8008AF4F6 /* response */,
				18BFDA2125462B0D008AF4F6 /* request */,
			);
			path = dto;
			sourceTree = "<group>";
		};
		18BFD5482544830B008AF4F6 /* ws */ = {
			isa = PBXGroup;
			children = (
				18BFDA0425462AB6008AF4F6 /* manager */,
				18BFDA0B25462AC1008AF4F6 /* pokemonlist */,
				18BFDA1225462AC9008AF4F6 /* generation */,
				18BFDA1625462AD0008AF4F6 /* pokemondetail */,
			);
			path = ws;
			sourceTree = "<group>";
		};
		18BFD5722544877C008AF4F6 /* db */ = {
			isa = PBXGroup;
			children = (
				18BFD577254487DD008AF4F6 /* PokemonDB.swift */,
				18BFD97225462065008AF4F6 /* extension */,
			);
			path = db;
			sourceTree = "<group>";
		};
		18BFD576254487BE008AF4F6 /* entity */ = {
			isa = PBXGroup;
			children = (
				18BFD56D25448767008AF4F6 /* PokemonEntity.swift */,
			);
			path = entity;
			sourceTree = "<group>";
		};
		18BFD57F25448977008AF4F6 /* repository */ = {
			isa = PBXGroup;
			children = (
				18BFD9EF25462A8D008AF4F6 /* pokemonList */,
				18BFD9F325462A98008AF4F6 /* generation */,
				18BFD9FD25462AAA008AF4F6 /* pokemondetail */,
			);
			path = repository;
			sourceTree = "<group>";
		};
		18BFD68A2544DB25008AF4F6 /* modifiers */ = {
			isa = PBXGroup;
			children = (
				18BFD6852544DB11008AF4F6 /* FontsModifiers.swift */,
				18BFD6C62544E486008AF4F6 /* CornerRadiusStyle.swift */,
				18BFD6DC2544EFA3008AF4F6 /* NavigationBarModifier.swift */,
			);
			path = modifiers;
			sourceTree = "<group>";
		};
		18BFD6D02544E51A008AF4F6 /* components */ = {
			isa = PBXGroup;
			children = (
				18BFD9542546164E008AF4F6 /* loading */,
				18BFD964254616CB008AF4F6 /* buttons */,
			);
			path = components;
			sourceTree = "<group>";
		};
		18BFD78925451341008AF4F6 /* menu */ = {
			isa = PBXGroup;
			children = (
				18BFD9AF25462925008AF4F6 /* cell */,
				18BFD6E12544FADA008AF4F6 /* MenuView.swift */,
				18BFD7842545132A008AF4F6 /* MenuViewModel.swift */,
			);
			path = menu;
			sourceTree = "<group>";
		};
		18BFD7A425453526008AF4F6 /* generations */ = {
			isa = PBXGroup;
			children = (
				18BFD79F254534DC008AF4F6 /* GenerationsView.swift */,
				18BFD7DB25453D92008AF4F6 /* GenerationsViewModel.swift */,
			);
			path = generations;
			sourceTree = "<group>";
		};
		18BFD8AF2545CEBC008AF4F6 /* pokemondetail */ = {
			isa = PBXGroup;
			children = (
				18BFD9AE25462916008AF4F6 /* SpriteView */,
				18BFD8A52545CEA2008AF4F6 /* PokemonDetailView.swift */,
				18BFD8AA2545CEB7008AF4F6 /* PokemonDetailViewModel.swift */,
			);
			path = pokemondetail;
			sourceTree = "<group>";
		};
		18BFD8FE2545FF77008AF4F6 /* supporting files */ = {
			isa = PBXGroup;
			children = (
				18BFD8FF2545FF7F008AF4F6 /* font */,
			);
			path = "supporting files";
			sourceTree = "<group>";
		};
		18BFD8FF2545FF7F008AF4F6 /* font */ = {
			isa = PBXGroup;
			children = (
				18BFD8F22545FF6A008AF4F6 /* Roboto-Bold.ttf */,
				18BFD8F12545FF6A008AF4F6 /* Roboto-BoldItalic.ttf */,
				18BFD8EF2545FF69008AF4F6 /* Roboto-Italic.ttf */,
				18BFD8F02545FF69008AF4F6 /* Roboto-Light.ttf */,
				18BFD8F32545FF6A008AF4F6 /* Roboto-Medium.ttf */,
				18BFD8F42545FF6B008AF4F6 /* Roboto-Regular.ttf */,
			);
			path = font;
			sourceTree = "<group>";
		};
		18BFD9542546164E008AF4F6 /* loading */ = {
			isa = PBXGroup;
			children = (
				18BFD514254476D2008AF4F6 /* LoadingView.swift */,
			);
			path = loading;
			sourceTree = "<group>";
		};
		18BFD964254616CB008AF4F6 /* buttons */ = {
			isa = PBXGroup;
			children = (
				18BFD6CB2544E50D008AF4F6 /* Buttons.swift */,
			);
			path = buttons;
			sourceTree = "<group>";
		};
		18BFD97225462065008AF4F6 /* extension */ = {
			isa = PBXGroup;
			children = (
				18BFD96D2546202E008AF4F6 /* RealmExtension.swift */,
			);
			path = extension;
			sourceTree = "<group>";
		};
		18BFD9762546251A008AF4F6 /* color */ = {
			isa = PBXGroup;
			children = (
				18BFD4D725447546008AF4F6 /* ColorExtension.swift */,
			);
			path = color;
			sourceTree = "<group>";
		};
		18BFD9802546252C008AF4F6 /* string */ = {
			isa = PBXGroup;
			children = (
				18BFD47025446F17008AF4F6 /* StringExtension.swift */,
			);
			path = string;
			sourceTree = "<group>";
		};
		18BFD98A2546277C008AF4F6 /* font */ = {
			isa = PBXGroup;
			children = (
				18BFD4DC25447561008AF4F6 /* FontConfig.swift */,
			);
			path = font;
			sourceTree = "<group>";
		};
		18BFD98B2546279A008AF4F6 /* device */ = {
			isa = PBXGroup;
			children = (
				18BFD4E1254475D1008AF4F6 /* DeviceExtension.swift */,
			);
			path = device;
			sourceTree = "<group>";
		};
		18BFD98C254627B8008AF4F6 /* error */ = {
			isa = PBXGroup;
			children = (
				18BFD4E6254475EF008AF4F6 /* ErrorUtility.swift */,
			);
			path = error;
			sourceTree = "<group>";
		};
		18BFD990254627D4008AF4F6 /* threading */ = {
			isa = PBXGroup;
			children = (
				18BFD4F22544761D008AF4F6 /* Threading.swift */,
			);
			path = threading;
			sourceTree = "<group>";
		};
		18BFD994254627E0008AF4F6 /* font */ = {
			isa = PBXGroup;
			children = (
				18BFD68E2544DD34008AF4F6 /* FontUtility.swift */,
			);
			path = font;
			sourceTree = "<group>";
		};
		18BFD99B25462804008AF4F6 /* common */ = {
			isa = PBXGroup;
			children = (
				18BFD50F254476AC008AF4F6 /* SectionSpacerView.swift */,
			);
			path = common;
			sourceTree = "<group>";
		};
		18BFD9AE25462916008AF4F6 /* SpriteView */ = {
			isa = PBXGroup;
			children = (
				18BFD96525461704008AF4F6 /* SpriteView.swift */,
			);
			path = SpriteView;
			sourceTree = "<group>";
		};
		18BFD9AF25462925008AF4F6 /* cell */ = {
			isa = PBXGroup;
			children = (
				18BFD78D254513D5008AF4F6 /* MenuCellView.swift */,
			);
			path = cell;
			sourceTree = "<group>";
		};
		18BFD9B02546295E008AF4F6 /* pokemon */ = {
			isa = PBXGroup;
			children = (
				18BFD51925447708008AF4F6 /* PokemonModel.swift */,
			);
			path = pokemon;
			sourceTree = "<group>";
		};
		18BFD9B425462969008AF4F6 /* moves */ = {
			isa = PBXGroup;
			children = (
				18BFD903254601AC008AF4F6 /* MovesModel.swift */,
			);
			path = moves;
			sourceTree = "<group>";
		};
		18BFD9B825462975008AF4F6 /* pokemonpage */ = {
			isa = PBXGroup;
			children = (
				18BFD52525447E4E008AF4F6 /* PokemonPageModel.swift */,
			);
			path = pokemonpage;
			sourceTree = "<group>";
		};
		18BFD9BC2546297F008AF4F6 /* menuitem */ = {
			isa = PBXGroup;
			children = (
				18BFD792254514CA008AF4F6 /* MenuItemModel.swift */,
			);
			path = menuitem;
			sourceTree = "<group>";
		};
		18BFD9C325462990008AF4F6 /* generation */ = {
			isa = PBXGroup;
			children = (
				18BFD7F5254541AA008AF4F6 /* GenerationModel.swift */,
			);
			path = generation;
			sourceTree = "<group>";
		};
		18BFD9C725462998008AF4F6 /* pokemondetail */ = {
			isa = PBXGroup;
			children = (
				18BFD82A2545BF19008AF4F6 /* PokemonDetailModel.swift */,
			);
			path = pokemondetail;
			sourceTree = "<group>";
		};
		18BFD9EF25462A8D008AF4F6 /* pokemonList */ = {
			isa = PBXGroup;
			children = (
				18BFD55E2544845D008AF4F6 /* PokemonListRepository.swift */,
			);
			path = pokemonList;
			sourceTree = "<group>";
		};
		18BFD9F325462A98008AF4F6 /* generation */ = {
			isa = PBXGroup;
			children = (
				18BFD7E625453F55008AF4F6 /* GenerationRepository.swift */,
			);
			path = generation;
			sourceTree = "<group>";
		};
		18BFD9FD25462AAA008AF4F6 /* pokemondetail */ = {
			isa = PBXGroup;
			children = (
				18BFD8962545CAFD008AF4F6 /* PokemonDetailRepository.swift */,
			);
			path = pokemondetail;
			sourceTree = "<group>";
		};
		18BFDA0425462AB6008AF4F6 /* manager */ = {
			isa = PBXGroup;
			children = (
				18BFD54325448306008AF4F6 /* ManagerWS.swift */,
			);
			path = manager;
			sourceTree = "<group>";
		};
		18BFDA0B25462AC1008AF4F6 /* pokemonlist */ = {
			isa = PBXGroup;
			children = (
				18BFD5632544864E008AF4F6 /* PokemonListWS.swift */,
			);
			path = pokemonlist;
			sourceTree = "<group>";
		};
		18BFDA1225462AC9008AF4F6 /* generation */ = {
			isa = PBXGroup;
			children = (
				18BFD7EB25453F8A008AF4F6 /* GenerationWS.swift */,
			);
			path = generation;
			sourceTree = "<group>";
		};
		18BFDA1625462AD0008AF4F6 /* pokemondetail */ = {
			isa = PBXGroup;
			children = (
				18BFD8912545C9A1008AF4F6 /* PokemonDetailWS.swift */,
			);
			path = pokemondetail;
			sourceTree = "<group>";
		};
		18BFDA2025462AF8008AF4F6 /* response */ = {
			isa = PBXGroup;
			children = (
				18BFDA3325462B73008AF4F6 /* res */,
				18BFDA2525462B34008AF4F6 /* result */,
				18BFDA2625462B3A008AF4F6 /* generation */,
				18BFDA2725462B41008AF4F6 /* pokemonlist */,
				18BFDA2825462B5E008AF4F6 /* pokemondetail */,
				18BFDA2C25462B67008AF4F6 /* moves */,
			);
			path = response;
			sourceTree = "<group>";
		};
		18BFDA2125462B0D008AF4F6 /* request */ = {
			isa = PBXGroup;
			children = (
				18BFD55925448394008AF4F6 /* ErrorDTO.swift */,
			);
			path = request;
			sourceTree = "<group>";
		};
		18BFDA2525462B34008AF4F6 /* result */ = {
			isa = PBXGroup;
			children = (
				18BFD53625447F99008AF4F6 /* ResultResDTO.swift */,
			);
			path = result;
			sourceTree = "<group>";
		};
		18BFDA2625462B3A008AF4F6 /* generation */ = {
			isa = PBXGroup;
			children = (
				18BFD7F02545413D008AF4F6 /* GenerationResDTO.swift */,
			);
			path = generation;
			sourceTree = "<group>";
		};
		18BFDA2725462B41008AF4F6 /* pokemonlist */ = {
			isa = PBXGroup;
			children = (
				18BFD53E254481C6008AF4F6 /* PokemonPageResDTO.swift */,
				18BFD52A25447F69008AF4F6 /* PokemonResDTO.swift */,
			);
			path = pokemonlist;
			sourceTree = "<group>";
		};
		18BFDA2825462B5E008AF4F6 /* pokemondetail */ = {
			isa = PBXGroup;
			children = (
				18BFD85C2545C1EE008AF4F6 /* PokemonDetailResDTO.swift */,
			);
			path = pokemondetail;
			sourceTree = "<group>";
		};
		18BFDA2C25462B67008AF4F6 /* moves */ = {
			isa = PBXGroup;
			children = (
				18BFD9082546020F008AF4F6 /* MovesResDTO.swift */,
			);
			path = moves;
			sourceTree = "<group>";
		};
		18BFDA3325462B73008AF4F6 /* res */ = {
			isa = PBXGroup;
			children = (
				18BFD56825448713008AF4F6 /* ResDTO.swift */,
			);
			path = res;
			sourceTree = "<group>";
		};
		49C08D177F70F03B076B6DC2 /* Frameworks */ = {
			isa = PBXGroup;
			children = (
				6288F860BFC64E902D286CCC /* Pods_Pokemon.framework */,
				05B94DB2885C99AD923205A3 /* Pods_PokemonTests.framework */,
				F9BFA6BEE5E9D572A3B0D34B /* Pods_PokemonUITests.framework */,
			);
			name = Frameworks;
			sourceTree = "<group>";
		};
		EA1041AE3B956D6807560957 /* Pods */ = {
			isa = PBXGroup;
			children = (
				2A62D5171210049158F78677 /* Pods-Pokemon.debug.xcconfig */,
				28483C6CB3054D8DC2753C25 /* Pods-Pokemon.release.xcconfig */,
				1A323C42FD124ED57E3E6619 /* Pods-PokemonTests.debug.xcconfig */,
				E554480EE4D4E4A193F78850 /* Pods-PokemonTests.release.xcconfig */,
				082DC3A021E8BE811053302C /* Pods-PokemonUITests.debug.xcconfig */,
				36ECD47C912AF430FA68ADA6 /* Pods-PokemonUITests.release.xcconfig */,
			);
			path = Pods;
			sourceTree = "<group>";
		};
/* End PBXGroup section */

/* Begin PBXNativeTarget section */
		18BFD42C25446C33008AF4F6 /* Pokemon */ = {
			isa = PBXNativeTarget;
			buildConfigurationList = 18BFD45225446C38008AF4F6 /* Build configuration list for PBXNativeTarget "Pokemon" */;
			buildPhases = (
				08FFAC6A46BCBA35F16F5BC8 /* [CP] Check Pods Manifest.lock */,
				18BFD42925446C33008AF4F6 /* Sources */,
				18BFD42A25446C33008AF4F6 /* Frameworks */,
				18BFD42B25446C33008AF4F6 /* Resources */,
				0654F6CC1B4B5A108A3F24A2 /* [CP] Embed Pods Frameworks */,
			);
			buildRules = (
			);
			dependencies = (
			);
			name = Pokemon;
			packageProductDependencies = (
				18BFD74F25451151008AF4F6 /* SDWebImageSwiftUI */,
			);
			productName = Pokemon;
			productReference = 18BFD42D25446C33008AF4F6 /* Pokemon.app */;
			productType = "com.apple.product-type.application";
		};
		18BFD43D25446C38008AF4F6 /* PokemonTests */ = {
			isa = PBXNativeTarget;
			buildConfigurationList = 18BFD45525446C38008AF4F6 /* Build configuration list for PBXNativeTarget "PokemonTests" */;
			buildPhases = (
				EFBC87837135CD53F61F78EF /* [CP] Check Pods Manifest.lock */,
				18BFD43A25446C38008AF4F6 /* Sources */,
				18BFD43B25446C38008AF4F6 /* Frameworks */,
				18BFD43C25446C38008AF4F6 /* Resources */,
				84DCEFD4E1515BDF4CCCDD2C /* [CP] Embed Pods Frameworks */,
			);
			buildRules = (
			);
			dependencies = (
				18BFD44025446C38008AF4F6 /* PBXTargetDependency */,
			);
			name = PokemonTests;
			productName = PokemonTests;
			productReference = 18BFD43E25446C38008AF4F6 /* PokemonTests.xctest */;
			productType = "com.apple.product-type.bundle.unit-test";
		};
		18BFD44825446C38008AF4F6 /* PokemonUITests */ = {
			isa = PBXNativeTarget;
			buildConfigurationList = 18BFD45825446C38008AF4F6 /* Build configuration list for PBXNativeTarget "PokemonUITests" */;
			buildPhases = (
				854E879C0B442877A3544D31 /* [CP] Check Pods Manifest.lock */,
				18BFD44525446C38008AF4F6 /* Sources */,
				18BFD44625446C38008AF4F6 /* Frameworks */,
				18BFD44725446C38008AF4F6 /* Resources */,
				871229D6C54D47A091CFD8ED /* [CP] Embed Pods Frameworks */,
			);
			buildRules = (
			);
			dependencies = (
				18BFD44B25446C38008AF4F6 /* PBXTargetDependency */,
			);
			name = PokemonUITests;
			productName = PokemonUITests;
			productReference = 18BFD44925446C38008AF4F6 /* PokemonUITests.xctest */;
			productType = "com.apple.product-type.bundle.ui-testing";
		};
/* End PBXNativeTarget section */

/* Begin PBXProject section */
		18BFD42525446C32008AF4F6 /* Project object */ = {
			isa = PBXProject;
			attributes = {
				LastSwiftUpdateCheck = 1200;
				LastUpgradeCheck = 1200;
				TargetAttributes = {
					18BFD42C25446C33008AF4F6 = {
						CreatedOnToolsVersion = 12.0.1;
						LastSwiftMigration = 1200;
					};
					18BFD43D25446C38008AF4F6 = {
						CreatedOnToolsVersion = 12.0.1;
						TestTargetID = 18BFD42C25446C33008AF4F6;
					};
					18BFD44825446C38008AF4F6 = {
						CreatedOnToolsVersion = 12.0.1;
						TestTargetID = 18BFD42C25446C33008AF4F6;
					};
				};
			};
			buildConfigurationList = 18BFD42825446C33008AF4F6 /* Build configuration list for PBXProject "Pokemon" */;
			compatibilityVersion = "Xcode 9.3";
			developmentRegion = en;
			hasScannedForEncodings = 0;
			knownRegions = (
				en,
				Base,
			);
			mainGroup = 18BFD42425446C32008AF4F6;
			packageReferences = (
				18BFD74E25451151008AF4F6 /* XCRemoteSwiftPackageReference "SDWebImageSwiftUI" */,
			);
			productRefGroup = 18BFD42E25446C33008AF4F6 /* Products */;
			projectDirPath = "";
			projectRoot = "";
			targets = (
				18BFD42C25446C33008AF4F6 /* Pokemon */,
				18BFD43D25446C38008AF4F6 /* PokemonTests */,
				18BFD44825446C38008AF4F6 /* PokemonUITests */,
			);
		};
/* End PBXProject section */

/* Begin PBXResourcesBuildPhase section */
		18BFD42B25446C33008AF4F6 /* Resources */ = {
			isa = PBXResourcesBuildPhase;
			buildActionMask = 2147483647;
			files = (
				18BFD43825446C38008AF4F6 /* Preview Assets.xcassets in Resources */,
				18BFD8F52545FF6B008AF4F6 /* Roboto-Italic.ttf in Resources */,
				18BFD8FA2545FF6B008AF4F6 /* Roboto-Regular.ttf in Resources */,
				18BFD8F82545FF6B008AF4F6 /* Roboto-Bold.ttf in Resources */,
				18BFD8F92545FF6B008AF4F6 /* Roboto-Medium.ttf in Resources */,
				18BFD8F62545FF6B008AF4F6 /* Roboto-Light.ttf in Resources */,
				18BFD8F72545FF6B008AF4F6 /* Roboto-BoldItalic.ttf in Resources */,
				18BFD43525446C38008AF4F6 /* Assets.xcassets in Resources */,
			);
			runOnlyForDeploymentPostprocessing = 0;
		};
		18BFD43C25446C38008AF4F6 /* Resources */ = {
			isa = PBXResourcesBuildPhase;
			buildActionMask = 2147483647;
			files = (
			);
			runOnlyForDeploymentPostprocessing = 0;
		};
		18BFD44725446C38008AF4F6 /* Resources */ = {
			isa = PBXResourcesBuildPhase;
			buildActionMask = 2147483647;
			files = (
			);
			runOnlyForDeploymentPostprocessing = 0;
		};
/* End PBXResourcesBuildPhase section */

/* Begin PBXShellScriptBuildPhase section */
		0654F6CC1B4B5A108A3F24A2 /* [CP] Embed Pods Frameworks */ = {
			isa = PBXShellScriptBuildPhase;
			buildActionMask = 2147483647;
			files = (
			);
			inputFileListPaths = (
				"${PODS_ROOT}/Target Support Files/Pods-Pokemon/Pods-Pokemon-frameworks-${CONFIGURATION}-input-files.xcfilelist",
			);
			name = "[CP] Embed Pods Frameworks";
			outputFileListPaths = (
				"${PODS_ROOT}/Target Support Files/Pods-Pokemon/Pods-Pokemon-frameworks-${CONFIGURATION}-output-files.xcfilelist",
			);
			runOnlyForDeploymentPostprocessing = 0;
			shellPath = /bin/sh;
			shellScript = "\"${PODS_ROOT}/Target Support Files/Pods-Pokemon/Pods-Pokemon-frameworks.sh\"\n";
			showEnvVarsInLog = 0;
		};
		08FFAC6A46BCBA35F16F5BC8 /* [CP] Check Pods Manifest.lock */ = {
			isa = PBXShellScriptBuildPhase;
			buildActionMask = 2147483647;
			files = (
			);
			inputFileListPaths = (
			);
			inputPaths = (
				"${PODS_PODFILE_DIR_PATH}/Podfile.lock",
				"${PODS_ROOT}/Manifest.lock",
			);
			name = "[CP] Check Pods Manifest.lock";
			outputFileListPaths = (
			);
			outputPaths = (
				"$(DERIVED_FILE_DIR)/Pods-Pokemon-checkManifestLockResult.txt",
			);
			runOnlyForDeploymentPostprocessing = 0;
			shellPath = /bin/sh;
			shellScript = "diff \"${PODS_PODFILE_DIR_PATH}/Podfile.lock\" \"${PODS_ROOT}/Manifest.lock\" > /dev/null\nif [ $? != 0 ] ; then\n    # print error to STDERR\n    echo \"error: The sandbox is not in sync with the Podfile.lock. Run 'pod install' or update your CocoaPods installation.\" >&2\n    exit 1\nfi\n# This output is used by Xcode 'outputs' to avoid re-running this script phase.\necho \"SUCCESS\" > \"${SCRIPT_OUTPUT_FILE_0}\"\n";
			showEnvVarsInLog = 0;
		};
		84DCEFD4E1515BDF4CCCDD2C /* [CP] Embed Pods Frameworks */ = {
			isa = PBXShellScriptBuildPhase;
			buildActionMask = 2147483647;
			files = (
			);
			inputFileListPaths = (
				"${PODS_ROOT}/Target Support Files/Pods-PokemonTests/Pods-PokemonTests-frameworks-${CONFIGURATION}-input-files.xcfilelist",
			);
			name = "[CP] Embed Pods Frameworks";
			outputFileListPaths = (
				"${PODS_ROOT}/Target Support Files/Pods-PokemonTests/Pods-PokemonTests-frameworks-${CONFIGURATION}-output-files.xcfilelist",
			);
			runOnlyForDeploymentPostprocessing = 0;
			shellPath = /bin/sh;
			shellScript = "\"${PODS_ROOT}/Target Support Files/Pods-PokemonTests/Pods-PokemonTests-frameworks.sh\"\n";
			showEnvVarsInLog = 0;
		};
		854E879C0B442877A3544D31 /* [CP] Check Pods Manifest.lock */ = {
			isa = PBXShellScriptBuildPhase;
			buildActionMask = 2147483647;
			files = (
			);
			inputFileListPaths = (
			);
			inputPaths = (
				"${PODS_PODFILE_DIR_PATH}/Podfile.lock",
				"${PODS_ROOT}/Manifest.lock",
			);
			name = "[CP] Check Pods Manifest.lock";
			outputFileListPaths = (
			);
			outputPaths = (
				"$(DERIVED_FILE_DIR)/Pods-PokemonUITests-checkManifestLockResult.txt",
			);
			runOnlyForDeploymentPostprocessing = 0;
			shellPath = /bin/sh;
			shellScript = "diff \"${PODS_PODFILE_DIR_PATH}/Podfile.lock\" \"${PODS_ROOT}/Manifest.lock\" > /dev/null\nif [ $? != 0 ] ; then\n    # print error to STDERR\n    echo \"error: The sandbox is not in sync with the Podfile.lock. Run 'pod install' or update your CocoaPods installation.\" >&2\n    exit 1\nfi\n# This output is used by Xcode 'outputs' to avoid re-running this script phase.\necho \"SUCCESS\" > \"${SCRIPT_OUTPUT_FILE_0}\"\n";
			showEnvVarsInLog = 0;
		};
		871229D6C54D47A091CFD8ED /* [CP] Embed Pods Frameworks */ = {
			isa = PBXShellScriptBuildPhase;
			buildActionMask = 2147483647;
			files = (
			);
			inputFileListPaths = (
				"${PODS_ROOT}/Target Support Files/Pods-PokemonUITests/Pods-PokemonUITests-frameworks-${CONFIGURATION}-input-files.xcfilelist",
			);
			name = "[CP] Embed Pods Frameworks";
			outputFileListPaths = (
				"${PODS_ROOT}/Target Support Files/Pods-PokemonUITests/Pods-PokemonUITests-frameworks-${CONFIGURATION}-output-files.xcfilelist",
			);
			runOnlyForDeploymentPostprocessing = 0;
			shellPath = /bin/sh;
			shellScript = "\"${PODS_ROOT}/Target Support Files/Pods-PokemonUITests/Pods-PokemonUITests-frameworks.sh\"\n";
			showEnvVarsInLog = 0;
		};
		EFBC87837135CD53F61F78EF /* [CP] Check Pods Manifest.lock */ = {
			isa = PBXShellScriptBuildPhase;
			buildActionMask = 2147483647;
			files = (
			);
			inputFileListPaths = (
			);
			inputPaths = (
				"${PODS_PODFILE_DIR_PATH}/Podfile.lock",
				"${PODS_ROOT}/Manifest.lock",
			);
			name = "[CP] Check Pods Manifest.lock";
			outputFileListPaths = (
			);
			outputPaths = (
				"$(DERIVED_FILE_DIR)/Pods-PokemonTests-checkManifestLockResult.txt",
			);
			runOnlyForDeploymentPostprocessing = 0;
			shellPath = /bin/sh;
			shellScript = "diff \"${PODS_PODFILE_DIR_PATH}/Podfile.lock\" \"${PODS_ROOT}/Manifest.lock\" > /dev/null\nif [ $? != 0 ] ; then\n    # print error to STDERR\n    echo \"error: The sandbox is not in sync with the Podfile.lock. Run 'pod install' or update your CocoaPods installation.\" >&2\n    exit 1\nfi\n# This output is used by Xcode 'outputs' to avoid re-running this script phase.\necho \"SUCCESS\" > \"${SCRIPT_OUTPUT_FILE_0}\"\n";
			showEnvVarsInLog = 0;
		};
/* End PBXShellScriptBuildPhase section */

/* Begin PBXSourcesBuildPhase section */
		18BFD42925446C33008AF4F6 /* Sources */ = {
			isa = PBXSourcesBuildPhase;
			buildActionMask = 2147483647;
			files = (
				18BFD46925446F07008AF4F6 /* RandomAccessCollectionExtension.swift in Sources */,
				18BFD56E25448767008AF4F6 /* PokemonEntity.swift in Sources */,
				18BFD7F6254541AA008AF4F6 /* GenerationModel.swift in Sources */,
				18BFD4D825447547008AF4F6 /* ColorExtension.swift in Sources */,
				18BFD4FC25447667008AF4F6 /* PokemonListView.swift in Sources */,
				18BFD7852545132A008AF4F6 /* MenuViewModel.swift in Sources */,
				18BFD904254601AC008AF4F6 /* MovesModel.swift in Sources */,
				18BFD8922545C9A1008AF4F6 /* PokemonDetailWS.swift in Sources */,
				18BFD7EC25453F8A008AF4F6 /* GenerationWS.swift in Sources */,
				18BFD7F12545413D008AF4F6 /* GenerationResDTO.swift in Sources */,
				18BFD52625447E4E008AF4F6 /* PokemonPageModel.swift in Sources */,
				18BFD578254487DD008AF4F6 /* PokemonDB.swift in Sources */,
				18BFD7DC25453D92008AF4F6 /* GenerationsViewModel.swift in Sources */,
				18BFD8A62545CEA2008AF4F6 /* PokemonDetailView.swift in Sources */,
				18BFD53F254481C6008AF4F6 /* PokemonPageResDTO.swift in Sources */,
				18BFD96625461704008AF4F6 /* SpriteView.swift in Sources */,
				18BFD55525448350008AF4F6 /* CryptLib.m in Sources */,
				18BFD7E725453F55008AF4F6 /* GenerationRepository.swift in Sources */,
				18BFD5642544864E008AF4F6 /* PokemonListWS.swift in Sources */,
				18BFD82B2545BF1A008AF4F6 /* PokemonDetailModel.swift in Sources */,
				18BFD6862544DB11008AF4F6 /* FontsModifiers.swift in Sources */,
				18BFD50425447680008AF4F6 /* PokemonListViewModel.swift in Sources */,
				18BFD54425448306008AF4F6 /* ManagerWS.swift in Sources */,
				18BFD6E22544FADA008AF4F6 /* MenuView.swift in Sources */,
				18BFD515254476D2008AF4F6 /* LoadingView.swift in Sources */,
				18BFD55A25448394008AF4F6 /* ErrorDTO.swift in Sources */,
				18BFD6DD2544EFA3008AF4F6 /* NavigationBarModifier.swift in Sources */,
				18BFD43325446C33008AF4F6 /* ContentView.swift in Sources */,
				18BFD51A25447708008AF4F6 /* PokemonModel.swift in Sources */,
				18BFD4F32544761D008AF4F6 /* Threading.swift in Sources */,
				18BFD78E254513D5008AF4F6 /* MenuCellView.swift in Sources */,
				18BFD7A0254534DC008AF4F6 /* GenerationsView.swift in Sources */,
				18BFD47125446F17008AF4F6 /* StringExtension.swift in Sources */,
				18BFD43125446C33008AF4F6 /* PokemonApp.swift in Sources */,
				18BFD4E7254475EF008AF4F6 /* ErrorUtility.swift in Sources */,
				18BFD46025446ED3008AF4F6 /* Constant.swift in Sources */,
				18BFD793254514CA008AF4F6 /* MenuItemModel.swift in Sources */,
				18BFD8AB2545CEB7008AF4F6 /* PokemonDetailViewModel.swift in Sources */,
				18BFD52B25447F69008AF4F6 /* PokemonResDTO.swift in Sources */,
				18BFD6CC2544E50D008AF4F6 /* Buttons.swift in Sources */,
				18BFD6C72544E486008AF4F6 /* CornerRadiusStyle.swift in Sources */,
				18BFD68F2544DD35008AF4F6 /* FontUtility.swift in Sources */,
				18BFD5BE25448C20008AF4F6 /* ListPageView.swift in Sources */,
				18BFD96E2546202E008AF4F6 /* RealmExtension.swift in Sources */,
				18BFD4DD25447561008AF4F6 /* FontConfig.swift in Sources */,
				18BFD9092546020F008AF4F6 /* MovesResDTO.swift in Sources */,
				18BFD8972545CAFD008AF4F6 /* PokemonDetailRepository.swift in Sources */,
				18BFD53725447F99008AF4F6 /* ResultResDTO.swift in Sources */,
				18BFD85D2545C1EE008AF4F6 /* PokemonDetailResDTO.swift in Sources */,
				18BFD56925448713008AF4F6 /* ResDTO.swift in Sources */,
				18BFD4E2254475D1008AF4F6 /* DeviceExtension.swift in Sources */,
				18BFD510254476AC008AF4F6 /* SectionSpacerView.swift in Sources */,
				18BFD55F2544845D008AF4F6 /* PokemonListRepository.swift in Sources */,
			);
			runOnlyForDeploymentPostprocessing = 0;
		};
		18BFD43A25446C38008AF4F6 /* Sources */ = {
			isa = PBXSourcesBuildPhase;
			buildActionMask = 2147483647;
			files = (
				18BFD44325446C38008AF4F6 /* PokemonTests.swift in Sources */,
			);
			runOnlyForDeploymentPostprocessing = 0;
		};
		18BFD44525446C38008AF4F6 /* Sources */ = {
			isa = PBXSourcesBuildPhase;
			buildActionMask = 2147483647;
			files = (
				18BFD44E25446C38008AF4F6 /* PokemonUITests.swift in Sources */,
			);
			runOnlyForDeploymentPostprocessing = 0;
		};
/* End PBXSourcesBuildPhase section */

/* Begin PBXTargetDependency section */
		18BFD44025446C38008AF4F6 /* PBXTargetDependency */ = {
			isa = PBXTargetDependency;
			target = 18BFD42C25446C33008AF4F6 /* Pokemon */;
			targetProxy = 18BFD43F25446C38008AF4F6 /* PBXContainerItemProxy */;
		};
		18BFD44B25446C38008AF4F6 /* PBXTargetDependency */ = {
			isa = PBXTargetDependency;
			target = 18BFD42C25446C33008AF4F6 /* Pokemon */;
			targetProxy = 18BFD44A25446C38008AF4F6 /* PBXContainerItemProxy */;
		};
/* End PBXTargetDependency section */

/* Begin XCBuildConfiguration section */
		18BFD45025446C38008AF4F6 /* Debug */ = {
			isa = XCBuildConfiguration;
			buildSettings = {
				ALWAYS_SEARCH_USER_PATHS = NO;
				CLANG_ANALYZER_NONNULL = YES;
				CLANG_ANALYZER_NUMBER_OBJECT_CONVERSION = YES_AGGRESSIVE;
				CLANG_CXX_LANGUAGE_STANDARD = "gnu++14";
				CLANG_CXX_LIBRARY = "libc++";
				CLANG_ENABLE_MODULES = YES;
				CLANG_ENABLE_OBJC_ARC = YES;
				CLANG_ENABLE_OBJC_WEAK = YES;
				CLANG_WARN_BLOCK_CAPTURE_AUTORELEASING = YES;
				CLANG_WARN_BOOL_CONVERSION = YES;
				CLANG_WARN_COMMA = YES;
				CLANG_WARN_CONSTANT_CONVERSION = YES;
				CLANG_WARN_DEPRECATED_OBJC_IMPLEMENTATIONS = YES;
				CLANG_WARN_DIRECT_OBJC_ISA_USAGE = YES_ERROR;
				CLANG_WARN_DOCUMENTATION_COMMENTS = YES;
				CLANG_WARN_EMPTY_BODY = YES;
				CLANG_WARN_ENUM_CONVERSION = YES;
				CLANG_WARN_INFINITE_RECURSION = YES;
				CLANG_WARN_INT_CONVERSION = YES;
				CLANG_WARN_NON_LITERAL_NULL_CONVERSION = YES;
				CLANG_WARN_OBJC_IMPLICIT_RETAIN_SELF = YES;
				CLANG_WARN_OBJC_LITERAL_CONVERSION = YES;
				CLANG_WARN_OBJC_ROOT_CLASS = YES_ERROR;
				CLANG_WARN_QUOTED_INCLUDE_IN_FRAMEWORK_HEADER = YES;
				CLANG_WARN_RANGE_LOOP_ANALYSIS = YES;
				CLANG_WARN_STRICT_PROTOTYPES = YES;
				CLANG_WARN_SUSPICIOUS_MOVE = YES;
				CLANG_WARN_UNGUARDED_AVAILABILITY = YES_AGGRESSIVE;
				CLANG_WARN_UNREACHABLE_CODE = YES;
				CLANG_WARN__DUPLICATE_METHOD_MATCH = YES;
				COPY_PHASE_STRIP = NO;
				DEBUG_INFORMATION_FORMAT = dwarf;
				ENABLE_STRICT_OBJC_MSGSEND = YES;
				ENABLE_TESTABILITY = YES;
				GCC_C_LANGUAGE_STANDARD = gnu11;
				GCC_DYNAMIC_NO_PIC = NO;
				GCC_NO_COMMON_BLOCKS = YES;
				GCC_OPTIMIZATION_LEVEL = 0;
				GCC_PREPROCESSOR_DEFINITIONS = (
					"DEBUG=1",
					"$(inherited)",
				);
				GCC_WARN_64_TO_32_BIT_CONVERSION = YES;
				GCC_WARN_ABOUT_RETURN_TYPE = YES_ERROR;
				GCC_WARN_UNDECLARED_SELECTOR = YES;
				GCC_WARN_UNINITIALIZED_AUTOS = YES_AGGRESSIVE;
				GCC_WARN_UNUSED_FUNCTION = YES;
				GCC_WARN_UNUSED_VARIABLE = YES;
				IPHONEOS_DEPLOYMENT_TARGET = 14.0;
				MTL_ENABLE_DEBUG_INFO = INCLUDE_SOURCE;
				MTL_FAST_MATH = YES;
				ONLY_ACTIVE_ARCH = YES;
				SDKROOT = iphoneos;
				SWIFT_ACTIVE_COMPILATION_CONDITIONS = DEBUG;
				SWIFT_OPTIMIZATION_LEVEL = "-Onone";
			};
			name = Debug;
		};
		18BFD45125446C38008AF4F6 /* Release */ = {
			isa = XCBuildConfiguration;
			buildSettings = {
				ALWAYS_SEARCH_USER_PATHS = NO;
				CLANG_ANALYZER_NONNULL = YES;
				CLANG_ANALYZER_NUMBER_OBJECT_CONVERSION = YES_AGGRESSIVE;
				CLANG_CXX_LANGUAGE_STANDARD = "gnu++14";
				CLANG_CXX_LIBRARY = "libc++";
				CLANG_ENABLE_MODULES = YES;
				CLANG_ENABLE_OBJC_ARC = YES;
				CLANG_ENABLE_OBJC_WEAK = YES;
				CLANG_WARN_BLOCK_CAPTURE_AUTORELEASING = YES;
				CLANG_WARN_BOOL_CONVERSION = YES;
				CLANG_WARN_COMMA = YES;
				CLANG_WARN_CONSTANT_CONVERSION = YES;
				CLANG_WARN_DEPRECATED_OBJC_IMPLEMENTATIONS = YES;
				CLANG_WARN_DIRECT_OBJC_ISA_USAGE = YES_ERROR;
				CLANG_WARN_DOCUMENTATION_COMMENTS = YES;
				CLANG_WARN_EMPTY_BODY = YES;
				CLANG_WARN_ENUM_CONVERSION = YES;
				CLANG_WARN_INFINITE_RECURSION = YES;
				CLANG_WARN_INT_CONVERSION = YES;
				CLANG_WARN_NON_LITERAL_NULL_CONVERSION = YES;
				CLANG_WARN_OBJC_IMPLICIT_RETAIN_SELF = YES;
				CLANG_WARN_OBJC_LITERAL_CONVERSION = YES;
				CLANG_WARN_OBJC_ROOT_CLASS = YES_ERROR;
				CLANG_WARN_QUOTED_INCLUDE_IN_FRAMEWORK_HEADER = YES;
				CLANG_WARN_RANGE_LOOP_ANALYSIS = YES;
				CLANG_WARN_STRICT_PROTOTYPES = YES;
				CLANG_WARN_SUSPICIOUS_MOVE = YES;
				CLANG_WARN_UNGUARDED_AVAILABILITY = YES_AGGRESSIVE;
				CLANG_WARN_UNREACHABLE_CODE = YES;
				CLANG_WARN__DUPLICATE_METHOD_MATCH = YES;
				COPY_PHASE_STRIP = NO;
				DEBUG_INFORMATION_FORMAT = "dwarf-with-dsym";
				ENABLE_NS_ASSERTIONS = NO;
				ENABLE_STRICT_OBJC_MSGSEND = YES;
				GCC_C_LANGUAGE_STANDARD = gnu11;
				GCC_NO_COMMON_BLOCKS = YES;
				GCC_WARN_64_TO_32_BIT_CONVERSION = YES;
				GCC_WARN_ABOUT_RETURN_TYPE = YES_ERROR;
				GCC_WARN_UNDECLARED_SELECTOR = YES;
				GCC_WARN_UNINITIALIZED_AUTOS = YES_AGGRESSIVE;
				GCC_WARN_UNUSED_FUNCTION = YES;
				GCC_WARN_UNUSED_VARIABLE = YES;
				IPHONEOS_DEPLOYMENT_TARGET = 14.0;
				MTL_ENABLE_DEBUG_INFO = NO;
				MTL_FAST_MATH = YES;
				SDKROOT = iphoneos;
				SWIFT_COMPILATION_MODE = wholemodule;
				SWIFT_OPTIMIZATION_LEVEL = "-O";
				VALIDATE_PRODUCT = YES;
			};
			name = Release;
		};
		18BFD45325446C38008AF4F6 /* Debug */ = {
			isa = XCBuildConfiguration;
			baseConfigurationReference = 2A62D5171210049158F78677 /* Pods-Pokemon.debug.xcconfig */;
			buildSettings = {
				ASSETCATALOG_COMPILER_APPICON_NAME = AppIcon;
				ASSETCATALOG_COMPILER_GLOBAL_ACCENT_COLOR_NAME = AccentColor;
				CLANG_ENABLE_MODULES = YES;
				CODE_SIGN_STYLE = Automatic;
				DEVELOPMENT_ASSET_PATHS = "\"Pokemon/Preview Content\"";
				ENABLE_PREVIEWS = YES;
				INFOPLIST_FILE = Pokemon/Info.plist;
				IPHONEOS_DEPLOYMENT_TARGET = 14.0;
				LD_RUNPATH_SEARCH_PATHS = (
					"$(inherited)",
					"@executable_path/Frameworks",
				);
				PRODUCT_BUNDLE_IDENTIFIER = com.condorlabs.Pokemon;
				PRODUCT_NAME = "$(TARGET_NAME)";
				SWIFT_OBJC_BRIDGING_HEADER = "Pokemon/config/Pokemon-Bridging-Header.h";
				SWIFT_OPTIMIZATION_LEVEL = "-Onone";
				SWIFT_VERSION = 5.0;
				TARGETED_DEVICE_FAMILY = "1,2";
			};
			name = Debug;
		};
		18BFD45425446C38008AF4F6 /* Release */ = {
			isa = XCBuildConfiguration;
			baseConfigurationReference = 28483C6CB3054D8DC2753C25 /* Pods-Pokemon.release.xcconfig */;
			buildSettings = {
				ASSETCATALOG_COMPILER_APPICON_NAME = AppIcon;
				ASSETCATALOG_COMPILER_GLOBAL_ACCENT_COLOR_NAME = AccentColor;
				CLANG_ENABLE_MODULES = YES;
				CODE_SIGN_STYLE = Automatic;
				DEVELOPMENT_ASSET_PATHS = "\"Pokemon/Preview Content\"";
				ENABLE_PREVIEWS = YES;
				INFOPLIST_FILE = Pokemon/Info.plist;
				IPHONEOS_DEPLOYMENT_TARGET = 14.0;
				LD_RUNPATH_SEARCH_PATHS = (
					"$(inherited)",
					"@executable_path/Frameworks",
				);
				PRODUCT_BUNDLE_IDENTIFIER = com.condorlabs.Pokemon;
				PRODUCT_NAME = "$(TARGET_NAME)";
				SWIFT_OBJC_BRIDGING_HEADER = "Pokemon/config/Pokemon-Bridging-Header.h";
				SWIFT_VERSION = 5.0;
				TARGETED_DEVICE_FAMILY = "1,2";
			};
			name = Release;
		};
		18BFD45625446C38008AF4F6 /* Debug */ = {
			isa = XCBuildConfiguration;
			baseConfigurationReference = 1A323C42FD124ED57E3E6619 /* Pods-PokemonTests.debug.xcconfig */;
			buildSettings = {
				ALWAYS_EMBED_SWIFT_STANDARD_LIBRARIES = YES;
				BUNDLE_LOADER = "$(TEST_HOST)";
				CODE_SIGN_STYLE = Automatic;
				INFOPLIST_FILE = PokemonTests/Info.plist;
				IPHONEOS_DEPLOYMENT_TARGET = 14.0;
				LD_RUNPATH_SEARCH_PATHS = (
					"$(inherited)",
					"@executable_path/Frameworks",
					"@loader_path/Frameworks",
				);
				PRODUCT_BUNDLE_IDENTIFIER = com.condorlabs.PokemonTests;
				PRODUCT_NAME = "$(TARGET_NAME)";
				SWIFT_VERSION = 5.0;
				TARGETED_DEVICE_FAMILY = "1,2";
				TEST_HOST = "$(BUILT_PRODUCTS_DIR)/Pokemon.app/Pokemon";
			};
			name = Debug;
		};
		18BFD45725446C38008AF4F6 /* Release */ = {
			isa = XCBuildConfiguration;
			baseConfigurationReference = E554480EE4D4E4A193F78850 /* Pods-PokemonTests.release.xcconfig */;
			buildSettings = {
				ALWAYS_EMBED_SWIFT_STANDARD_LIBRARIES = YES;
				BUNDLE_LOADER = "$(TEST_HOST)";
				CODE_SIGN_STYLE = Automatic;
				INFOPLIST_FILE = PokemonTests/Info.plist;
				IPHONEOS_DEPLOYMENT_TARGET = 14.0;
				LD_RUNPATH_SEARCH_PATHS = (
					"$(inherited)",
					"@executable_path/Frameworks",
					"@loader_path/Frameworks",
				);
				PRODUCT_BUNDLE_IDENTIFIER = com.condorlabs.PokemonTests;
				PRODUCT_NAME = "$(TARGET_NAME)";
				SWIFT_VERSION = 5.0;
				TARGETED_DEVICE_FAMILY = "1,2";
				TEST_HOST = "$(BUILT_PRODUCTS_DIR)/Pokemon.app/Pokemon";
			};
			name = Release;
		};
		18BFD45925446C38008AF4F6 /* Debug */ = {
			isa = XCBuildConfiguration;
			baseConfigurationReference = 082DC3A021E8BE811053302C /* Pods-PokemonUITests.debug.xcconfig */;
			buildSettings = {
				ALWAYS_EMBED_SWIFT_STANDARD_LIBRARIES = YES;
				CODE_SIGN_STYLE = Automatic;
				INFOPLIST_FILE = PokemonUITests/Info.plist;
				LD_RUNPATH_SEARCH_PATHS = (
					"$(inherited)",
					"@executable_path/Frameworks",
					"@loader_path/Frameworks",
				);
				PRODUCT_BUNDLE_IDENTIFIER = com.condorlabs.PokemonUITests;
				PRODUCT_NAME = "$(TARGET_NAME)";
				SWIFT_VERSION = 5.0;
				TARGETED_DEVICE_FAMILY = "1,2";
				TEST_TARGET_NAME = Pokemon;
			};
			name = Debug;
		};
		18BFD45A25446C38008AF4F6 /* Release */ = {
			isa = XCBuildConfiguration;
			baseConfigurationReference = 36ECD47C912AF430FA68ADA6 /* Pods-PokemonUITests.release.xcconfig */;
			buildSettings = {
				ALWAYS_EMBED_SWIFT_STANDARD_LIBRARIES = YES;
				CODE_SIGN_STYLE = Automatic;
				INFOPLIST_FILE = PokemonUITests/Info.plist;
				LD_RUNPATH_SEARCH_PATHS = (
					"$(inherited)",
					"@executable_path/Frameworks",
					"@loader_path/Frameworks",
				);
				PRODUCT_BUNDLE_IDENTIFIER = com.condorlabs.PokemonUITests;
				PRODUCT_NAME = "$(TARGET_NAME)";
				SWIFT_VERSION = 5.0;
				TARGETED_DEVICE_FAMILY = "1,2";
				TEST_TARGET_NAME = Pokemon;
			};
			name = Release;
		};
/* End XCBuildConfiguration section */

/* Begin XCConfigurationList section */
		18BFD42825446C33008AF4F6 /* Build configuration list for PBXProject "Pokemon" */ = {
			isa = XCConfigurationList;
			buildConfigurations = (
				18BFD45025446C38008AF4F6 /* Debug */,
				18BFD45125446C38008AF4F6 /* Release */,
			);
			defaultConfigurationIsVisible = 0;
			defaultConfigurationName = Release;
		};
		18BFD45225446C38008AF4F6 /* Build configuration list for PBXNativeTarget "Pokemon" */ = {
			isa = XCConfigurationList;
			buildConfigurations = (
				18BFD45325446C38008AF4F6 /* Debug */,
				18BFD45425446C38008AF4F6 /* Release */,
			);
			defaultConfigurationIsVisible = 0;
			defaultConfigurationName = Release;
		};
		18BFD45525446C38008AF4F6 /* Build configuration list for PBXNativeTarget "PokemonTests" */ = {
			isa = XCConfigurationList;
			buildConfigurations = (
				18BFD45625446C38008AF4F6 /* Debug */,
				18BFD45725446C38008AF4F6 /* Release */,
			);
			defaultConfigurationIsVisible = 0;
			defaultConfigurationName = Release;
		};
		18BFD45825446C38008AF4F6 /* Build configuration list for PBXNativeTarget "PokemonUITests" */ = {
			isa = XCConfigurationList;
			buildConfigurations = (
				18BFD45925446C38008AF4F6 /* Debug */,
				18BFD45A25446C38008AF4F6 /* Release */,
			);
			defaultConfigurationIsVisible = 0;
			defaultConfigurationName = Release;
		};
/* End XCConfigurationList section */

/* Begin XCRemoteSwiftPackageReference section */
		18BFD74E25451151008AF4F6 /* XCRemoteSwiftPackageReference "SDWebImageSwiftUI" */ = {
			isa = XCRemoteSwiftPackageReference;
			repositoryURL = "https://github.com/SDWebImage/SDWebImageSwiftUI";
			requirement = {
				kind = upToNextMajorVersion;
				minimumVersion = 1.5.0;
			};
		};
/* End XCRemoteSwiftPackageReference section */

/* Begin XCSwiftPackageProductDependency section */
		18BFD74F25451151008AF4F6 /* SDWebImageSwiftUI */ = {
			isa = XCSwiftPackageProductDependency;
			package = 18BFD74E25451151008AF4F6 /* XCRemoteSwiftPackageReference "SDWebImageSwiftUI" */;
			productName = SDWebImageSwiftUI;
		};
/* End XCSwiftPackageProductDependency section */
	};
	rootObject = 18BFD42525446C32008AF4F6 /* Project object */;
}
