PODS:
  - Alamofire (5.3.0)
  - LanguagesManager (0.1)
  - NVActivityIndicatorView (5.1.1):
    - NVActivityIndicatorView/Base (= 5.1.1)
  - NVActivityIndicatorView/Base (5.1.1)
  - Realm (5.5.0):
    - Realm/Headers (= 5.5.0)
  - Realm/Headers (5.5.0)
  - RealmSwift (5.5.0):
    - Realm (= 5.5.0)
  - RxRealm (3.1.0):
    - RealmSwift (~> 5.2)
    - RxSwift (~> 5.0)
  - RxSwift (5.1.1)

DEPENDENCIES:
  - Alamofire (~> 5.1)
  - LanguagesManager
  - NVActivityIndicatorView
  - RealmSwift
  - RxRealm

SPEC REPOS:
  trunk:
    - Alamofire
    - LanguagesManager
    - NVActivityIndicatorView
    - Realm
    - RealmSwift
    - RxRealm
    - RxSwift

SPEC CHECKSUMS:
  Alamofire: 2c792affbdc2f18016e08fdbcacd60aebe1ba593
  LanguagesManager: 7f2ca7f084a7fba7b026e620b53a53126bcecae9
  NVActivityIndicatorView: 1f6c5687f1171810aa27a3296814dc2d7dec3667
  Realm: fb399d76f44042e5cdfc630f33828fdb4d077345
  RealmSwift: 3b7e62356207ef16d34de4e55d475163bd2062bb
  RxRealm: 50e5fe5c1f22518205afbb313fbc5580d73bc586
  RxSwift: 81470a2074fa8780320ea5fe4102807cb7118178

PODFILE CHECKSUM: 10911e715d0d0466c8b314e193f345f617d28902

COCOAPODS: 1.8.4
